
Microsoft Visual Studio Solution File, Format Version 12.00
# Visual Studio Version 16
VisualStudioVersion = 16.0.32802.440
MinimumVisualStudioVersion = 10.0.40219.1
Project("{8BC9CEB8-8B4A-11D0-8D11-00A0C91BC942}") = "Example_P30", "Example_P30.vcxproj", "{48A065FA-6105-49B4-996A-32DF202905E3}"
EndProject
Global
	GlobalSection(SolutionConfigurationPlatforms) = preSolution
		Debug|x64 = Debug|x64
		Debug|x86 = Debug|x86
		Release|x64 = Release|x64
		Release|x86 = Release|x86
	EndGlobalSection
	GlobalSection(ProjectConfigurationPlatforms) = postSolution
		{48A065FA-6105-49B4-996A-32DF202905E3}.Debug|x64.ActiveCfg = Debug|x64
		{48A065FA-6105-49B4-996A-32DF202905E3}.Debug|x64.Build.0 = Debug|x64
		{48A065FA-6105-49B4-996A-32DF202905E3}.Debug|x86.ActiveCfg = Debug|Win32
		{48A065FA-6105-49B4-996A-32DF202905E3}.Debug|x86.Build.0 = Debug|Win32
		{48A065FA-6105-49B4-996A-32DF202905E3}.Release|x64.ActiveCfg = Release|x64
		{48A065FA-6105-49B4-996A-32DF202905E3}.Release|x64.Build.0 = Release|x64
		{48A065FA-6105-49B4-996A-32DF202905E3}.Release|x86.ActiveCfg = Release|Win32
		{48A065FA-6105-49B4-996A-32DF202905E3}.Release|x86.Build.0 = Release|Win32
	EndGlobalSection
	GlobalSection(SolutionProperties) = preSolution
		HideSolutionNode = FALSE
	EndGlobalSection
	GlobalSection(ExtensibilityGlobals) = postSolution
		SolutionGuid = {6C0A87BF-A160-41D0-8A91-A69009615D72}
	EndGlobalSection
EndGlobal
